
Microsoft Visual Studio Solution File, Format Version 12.00
# Visual Studio Version 17
VisualStudioVersion = 17.4.33205.214
MinimumVisualStudioVersion = 10.0.40219.1
Project("{FAE04EC0-301F-11D3-BF4B-00C04F79EFBC}") = "01.TheProblem", "Lesson4.Methotds\01.TheProblem.csproj", "{3E6252D3-28E1-4615-92EF-29F8D68B0525}"
EndProject
Project("{FAE04EC0-301F-11D3-BF4B-00C04F79EFBC}") = "02.HowMethodsHelpUs", "02.HowMethodsHelpUs\02.HowMethodsHelpUs.csproj", "{011D52D7-21EE-4948-AB94-B1066B1A1EF3}"
EndProject
Project("{FAE04EC0-301F-11D3-BF4B-00C04F79EFBC}") = "03.Methods", "03.Methods\03.Methods.csproj", "{CC7DDADB-DA56-49E5-B049-02D798AF0333}"
EndProject
Project("{FAE04EC0-301F-11D3-BF4B-00C04F79EFBC}") = "04.Methods", "04.Methods\04.Methods.csproj", "{625EA59B-98C4-4B97-BFB1-DC841FBA6BE8}"
EndProject
Project("{FAE04EC0-301F-11D3-BF4B-00C04F79EFBC}") = "05.Methods", "05.Methods\05.Methods.csproj", "{4617A1D6-B6F3-40BE-8CD3-4BA48EDCF404}"
EndProject
Project("{FAE04EC0-301F-11D3-BF4B-00C04F79EFBC}") = "06.Methods", "06.Methods\06.Methods.csproj", "{FBB651CD-FC06-423D-94A8-B6A03151A068}"
EndProject
Project("{FAE04EC0-301F-11D3-BF4B-00C04F79EFBC}") = "07.Methods", "07.Methods\07.Methods.csproj", "{74A8019C-BCB9-4881-9BDC-A09FF4FAD2A1}"
EndProject
Project("{FAE04EC0-301F-11D3-BF4B-00C04F79EFBC}") = "08.Methods", "08.Methods\08.Methods.csproj", "{A1DAC921-3368-4AB5-A83F-2F7076997A4C}"
EndProject
Project("{FAE04EC0-301F-11D3-BF4B-00C04F79EFBC}") = "09.Methods", "09.Methods\09.Methods.csproj", "{65F83C3A-4CCA-43C3-AFDD-D39A7BDF5EC0}"
EndProject
Project("{FAE04EC0-301F-11D3-BF4B-00C04F79EFBC}") = "10.Methods", "10.Methods\10.Methods.csproj", "{1750926B-C41F-45A2-A47B-7AE662A7335E}"
EndProject
Project("{FAE04EC0-301F-11D3-BF4B-00C04F79EFBC}") = "11.Methods", "11.Methods\11.Methods.csproj", "{1C58DB39-BBD9-4C53-AB0D-F7BF7A70BB5B}"
EndProject
Project("{FAE04EC0-301F-11D3-BF4B-00C04F79EFBC}") = "12.Methods", "12.Methods\12.Methods.csproj", "{50C63424-760A-4573-9B6C-8AC3250DD98A}"
EndProject
Project("{FAE04EC0-301F-11D3-BF4B-00C04F79EFBC}") = "13.Methods", "13.Methods\13.Methods.csproj", "{D3958D0B-C210-47D4-868D-BA8385A9050D}"
EndProject
Project("{FAE04EC0-301F-11D3-BF4B-00C04F79EFBC}") = "14.Methods", "14.Methods\14.Methods.csproj", "{CCE6AD3D-0431-4109-B144-AC112F9E30E8}"
EndProject
Project("{FAE04EC0-301F-11D3-BF4B-00C04F79EFBC}") = "15.Methods", "15.Methods\15.Methods.csproj", "{EFA6F510-AA50-4072-9008-5372385ADF8B}"
EndProject
Project("{FAE04EC0-301F-11D3-BF4B-00C04F79EFBC}") = "16.Methods", "16.Methods\16.Methods.csproj", "{0F166AA7-7025-4DAB-ABAF-B2426F9B6C93}"
EndProject
Project("{FAE04EC0-301F-11D3-BF4B-00C04F79EFBC}") = "17.Methods", "17.Methods\17.Methods.csproj", "{4FBDAE9D-BFA2-414D-9FDD-DFCF1856E5ED}"
EndProject
Project("{FAE04EC0-301F-11D3-BF4B-00C04F79EFBC}") = "18.Methods", "18.Methods\18.Methods.csproj", "{21D3C5A5-959A-491F-9760-F4FDB2CB8EE7}"
EndProject
Project("{FAE04EC0-301F-11D3-BF4B-00C04F79EFBC}") = "19.Methods", "19.Methods\19.Methods.csproj", "{6FBDB828-B1C4-4BA2-B0C3-82C97ED32C18}"
EndProject
Project("{FAE04EC0-301F-11D3-BF4B-00C04F79EFBC}") = "20.Methods", "20.Methods\20.Methods.csproj", "{EB53C465-9902-4C41-8214-C68871A78497}"
EndProject
Project("{FAE04EC0-301F-11D3-BF4B-00C04F79EFBC}") = "21.Methods", "21.Methods\21.Methods.csproj", "{229941CE-2014-41F3-9EFE-AFCFA2554F3B}"
EndProject
Project("{FAE04EC0-301F-11D3-BF4B-00C04F79EFBC}") = "22.Methods", "22.Methods\22.Methods.csproj", "{1E2F4666-5E34-4C9C-AD20-CD08D2728F04}"
EndProject
Global
	GlobalSection(SolutionConfigurationPlatforms) = preSolution
		Debug|Any CPU = Debug|Any CPU
		Release|Any CPU = Release|Any CPU
	EndGlobalSection
	GlobalSection(ProjectConfigurationPlatforms) = postSolution
		{3E6252D3-28E1-4615-92EF-29F8D68B0525}.Debug|Any CPU.ActiveCfg = Debug|Any CPU
		{3E6252D3-28E1-4615-92EF-29F8D68B0525}.Debug|Any CPU.Build.0 = Debug|Any CPU
		{3E6252D3-28E1-4615-92EF-29F8D68B0525}.Release|Any CPU.ActiveCfg = Release|Any CPU
		{3E6252D3-28E1-4615-92EF-29F8D68B0525}.Release|Any CPU.Build.0 = Release|Any CPU
		{011D52D7-21EE-4948-AB94-B1066B1A1EF3}.Debug|Any CPU.ActiveCfg = Debug|Any CPU
		{011D52D7-21EE-4948-AB94-B1066B1A1EF3}.Debug|Any CPU.Build.0 = Debug|Any CPU
		{011D52D7-21EE-4948-AB94-B1066B1A1EF3}.Release|Any CPU.ActiveCfg = Release|Any CPU
		{011D52D7-21EE-4948-AB94-B1066B1A1EF3}.Release|Any CPU.Build.0 = Release|Any CPU
		{CC7DDADB-DA56-49E5-B049-02D798AF0333}.Debug|Any CPU.ActiveCfg = Debug|Any CPU
		{CC7DDADB-DA56-49E5-B049-02D798AF0333}.Debug|Any CPU.Build.0 = Debug|Any CPU
		{CC7DDADB-DA56-49E5-B049-02D798AF0333}.Release|Any CPU.ActiveCfg = Release|Any CPU
		{CC7DDADB-DA56-49E5-B049-02D798AF0333}.Release|Any CPU.Build.0 = Release|Any CPU
		{625EA59B-98C4-4B97-BFB1-DC841FBA6BE8}.Debug|Any CPU.ActiveCfg = Debug|Any CPU
		{625EA59B-98C4-4B97-BFB1-DC841FBA6BE8}.Debug|Any CPU.Build.0 = Debug|Any CPU
		{625EA59B-98C4-4B97-BFB1-DC841FBA6BE8}.Release|Any CPU.ActiveCfg = Release|Any CPU
		{625EA59B-98C4-4B97-BFB1-DC841FBA6BE8}.Release|Any CPU.Build.0 = Release|Any CPU
		{4617A1D6-B6F3-40BE-8CD3-4BA48EDCF404}.Debug|Any CPU.ActiveCfg = Debug|Any CPU
		{4617A1D6-B6F3-40BE-8CD3-4BA48EDCF404}.Debug|Any CPU.Build.0 = Debug|Any CPU
		{4617A1D6-B6F3-40BE-8CD3-4BA48EDCF404}.Release|Any CPU.ActiveCfg = Release|Any CPU
		{4617A1D6-B6F3-40BE-8CD3-4BA48EDCF404}.Release|Any CPU.Build.0 = Release|Any CPU
		{FBB651CD-FC06-423D-94A8-B6A03151A068}.Debug|Any CPU.ActiveCfg = Debug|Any CPU
		{FBB651CD-FC06-423D-94A8-B6A03151A068}.Debug|Any CPU.Build.0 = Debug|Any CPU
		{FBB651CD-FC06-423D-94A8-B6A03151A068}.Release|Any CPU.ActiveCfg = Release|Any CPU
		{FBB651CD-FC06-423D-94A8-B6A03151A068}.Release|Any CPU.Build.0 = Release|Any CPU
		{74A8019C-BCB9-4881-9BDC-A09FF4FAD2A1}.Debug|Any CPU.ActiveCfg = Debug|Any CPU
		{74A8019C-BCB9-4881-9BDC-A09FF4FAD2A1}.Debug|Any CPU.Build.0 = Debug|Any CPU
		{74A8019C-BCB9-4881-9BDC-A09FF4FAD2A1}.Release|Any CPU.ActiveCfg = Release|Any CPU
		{74A8019C-BCB9-4881-9BDC-A09FF4FAD2A1}.Release|Any CPU.Build.0 = Release|Any CPU
		{A1DAC921-3368-4AB5-A83F-2F7076997A4C}.Debug|Any CPU.ActiveCfg = Debug|Any CPU
		{A1DAC921-3368-4AB5-A83F-2F7076997A4C}.Debug|Any CPU.Build.0 = Debug|Any CPU
		{A1DAC921-3368-4AB5-A83F-2F7076997A4C}.Release|Any CPU.ActiveCfg = Release|Any CPU
		{A1DAC921-3368-4AB5-A83F-2F7076997A4C}.Release|Any CPU.Build.0 = Release|Any CPU
		{65F83C3A-4CCA-43C3-AFDD-D39A7BDF5EC0}.Debug|Any CPU.ActiveCfg = Debug|Any CPU
		{65F83C3A-4CCA-43C3-AFDD-D39A7BDF5EC0}.Debug|Any CPU.Build.0 = Debug|Any CPU
		{65F83C3A-4CCA-43C3-AFDD-D39A7BDF5EC0}.Release|Any CPU.ActiveCfg = Release|Any CPU
		{65F83C3A-4CCA-43C3-AFDD-D39A7BDF5EC0}.Release|Any CPU.Build.0 = Release|Any CPU
		{1750926B-C41F-45A2-A47B-7AE662A7335E}.Debug|Any CPU.ActiveCfg = Debug|Any CPU
		{1750926B-C41F-45A2-A47B-7AE662A7335E}.Debug|Any CPU.Build.0 = Debug|Any CPU
		{1750926B-C41F-45A2-A47B-7AE662A7335E}.Release|Any CPU.ActiveCfg = Release|Any CPU
		{1750926B-C41F-45A2-A47B-7AE662A7335E}.Release|Any CPU.Build.0 = Release|Any CPU
		{1C58DB39-BBD9-4C53-AB0D-F7BF7A70BB5B}.Debug|Any CPU.ActiveCfg = Debug|Any CPU
		{1C58DB39-BBD9-4C53-AB0D-F7BF7A70BB5B}.Debug|Any CPU.Build.0 = Debug|Any CPU
		{1C58DB39-BBD9-4C53-AB0D-F7BF7A70BB5B}.Release|Any CPU.ActiveCfg = Release|Any CPU
		{1C58DB39-BBD9-4C53-AB0D-F7BF7A70BB5B}.Release|Any CPU.Build.0 = Release|Any CPU
		{50C63424-760A-4573-9B6C-8AC3250DD98A}.Debug|Any CPU.ActiveCfg = Debug|Any CPU
		{50C63424-760A-4573-9B6C-8AC3250DD98A}.Debug|Any CPU.Build.0 = Debug|Any CPU
		{50C63424-760A-4573-9B6C-8AC3250DD98A}.Release|Any CPU.ActiveCfg = Release|Any CPU
		{50C63424-760A-4573-9B6C-8AC3250DD98A}.Release|Any CPU.Build.0 = Release|Any CPU
		{D3958D0B-C210-47D4-868D-BA8385A9050D}.Debug|Any CPU.ActiveCfg = Debug|Any CPU
		{D3958D0B-C210-47D4-868D-BA8385A9050D}.Debug|Any CPU.Build.0 = Debug|Any CPU
		{D3958D0B-C210-47D4-868D-BA8385A9050D}.Release|Any CPU.ActiveCfg = Release|Any CPU
		{D3958D0B-C210-47D4-868D-BA8385A9050D}.Release|Any CPU.Build.0 = Release|Any CPU
		{CCE6AD3D-0431-4109-B144-AC112F9E30E8}.Debug|Any CPU.ActiveCfg = Debug|Any CPU
		{CCE6AD3D-0431-4109-B144-AC112F9E30E8}.Debug|Any CPU.Build.0 = Debug|Any CPU
		{CCE6AD3D-0431-4109-B144-AC112F9E30E8}.Release|Any CPU.ActiveCfg = Release|Any CPU
		{CCE6AD3D-0431-4109-B144-AC112F9E30E8}.Release|Any CPU.Build.0 = Release|Any CPU
		{EFA6F510-AA50-4072-9008-5372385ADF8B}.Debug|Any CPU.ActiveCfg = Debug|Any CPU
		{EFA6F510-AA50-4072-9008-5372385ADF8B}.Debug|Any CPU.Build.0 = Debug|Any CPU
		{EFA6F510-AA50-4072-9008-5372385ADF8B}.Release|Any CPU.ActiveCfg = Release|Any CPU
		{EFA6F510-AA50-4072-9008-5372385ADF8B}.Release|Any CPU.Build.0 = Release|Any CPU
		{0F166AA7-7025-4DAB-ABAF-B2426F9B6C93}.Debug|Any CPU.ActiveCfg = Debug|Any CPU
		{0F166AA7-7025-4DAB-ABAF-B2426F9B6C93}.Debug|Any CPU.Build.0 = Debug|Any CPU
		{0F166AA7-7025-4DAB-ABAF-B2426F9B6C93}.Release|Any CPU.ActiveCfg = Release|Any CPU
		{0F166AA7-7025-4DAB-ABAF-B2426F9B6C93}.Release|Any CPU.Build.0 = Release|Any CPU
		{4FBDAE9D-BFA2-414D-9FDD-DFCF1856E5ED}.Debug|Any CPU.ActiveCfg = Debug|Any CPU
		{4FBDAE9D-BFA2-414D-9FDD-DFCF1856E5ED}.Debug|Any CPU.Build.0 = Debug|Any CPU
		{4FBDAE9D-BFA2-414D-9FDD-DFCF1856E5ED}.Release|Any CPU.ActiveCfg = Release|Any CPU
		{4FBDAE9D-BFA2-414D-9FDD-DFCF1856E5ED}.Release|Any CPU.Build.0 = Release|Any CPU
		{21D3C5A5-959A-491F-9760-F4FDB2CB8EE7}.Debug|Any CPU.ActiveCfg = Debug|Any CPU
		{21D3C5A5-959A-491F-9760-F4FDB2CB8EE7}.Debug|Any CPU.Build.0 = Debug|Any CPU
		{21D3C5A5-959A-491F-9760-F4FDB2CB8EE7}.Release|Any CPU.ActiveCfg = Release|Any CPU
		{21D3C5A5-959A-491F-9760-F4FDB2CB8EE7}.Release|Any CPU.Build.0 = Release|Any CPU
		{6FBDB828-B1C4-4BA2-B0C3-82C97ED32C18}.Debug|Any CPU.ActiveCfg = Debug|Any CPU
		{6FBDB828-B1C4-4BA2-B0C3-82C97ED32C18}.Debug|Any CPU.Build.0 = Debug|Any CPU
		{6FBDB828-B1C4-4BA2-B0C3-82C97ED32C18}.Release|Any CPU.ActiveCfg = Release|Any CPU
		{6FBDB828-B1C4-4BA2-B0C3-82C97ED32C18}.Release|Any CPU.Build.0 = Release|Any CPU
		{EB53C465-9902-4C41-8214-C68871A78497}.Debug|Any CPU.ActiveCfg = Debug|Any CPU
		{EB53C465-9902-4C41-8214-C68871A78497}.Debug|Any CPU.Build.0 = Debug|Any CPU
		{EB53C465-9902-4C41-8214-C68871A78497}.Release|Any CPU.ActiveCfg = Release|Any CPU
		{EB53C465-9902-4C41-8214-C68871A78497}.Release|Any CPU.Build.0 = Release|Any CPU
		{229941CE-2014-41F3-9EFE-AFCFA2554F3B}.Debug|Any CPU.ActiveCfg = Debug|Any CPU
		{229941CE-2014-41F3-9EFE-AFCFA2554F3B}.Debug|Any CPU.Build.0 = Debug|Any CPU
		{229941CE-2014-41F3-9EFE-AFCFA2554F3B}.Release|Any CPU.ActiveCfg = Release|Any CPU
		{229941CE-2014-41F3-9EFE-AFCFA2554F3B}.Release|Any CPU.Build.0 = Release|Any CPU
		{1E2F4666-5E34-4C9C-AD20-CD08D2728F04}.Debug|Any CPU.ActiveCfg = Debug|Any CPU
		{1E2F4666-5E34-4C9C-AD20-CD08D2728F04}.Debug|Any CPU.Build.0 = Debug|Any CPU
		{1E2F4666-5E34-4C9C-AD20-CD08D2728F04}.Release|Any CPU.ActiveCfg = Release|Any CPU
		{1E2F4666-5E34-4C9C-AD20-CD08D2728F04}.Release|Any CPU.Build.0 = Release|Any CPU
	EndGlobalSection
	GlobalSection(SolutionProperties) = preSolution
		HideSolutionNode = FALSE
	EndGlobalSection
	GlobalSection(ExtensibilityGlobals) = postSolution
		SolutionGuid = {703FE80B-ED6B-461C-AF52-F1CE092D28C1}
	EndGlobalSection
EndGlobal
